Microsoft Visual Studio Solution File, Format Version 12.00
# Visual Studio 14
VisualStudioVersion = 14.0.25420.1
MinimumVisualStudioVersion = 10.0.40219.1
Project("{FAE04EC0-301F-11D3-BF4B-00C04F79EFBC}") = "Engine", "Engine\Engine.csproj", "{C3DA2EFF-23EA-4D3C-8AFD-534D650DAFCB}"
EndProject
Project("{FAE04EC0-301F-11D3-BF4B-00C04F79EFBC}") = "Engine.Xna", "Engine.Xna\Engine.Xna.csproj", "{329D3575-561C-4E12-A136-92399BC2D118}"
EndProject
Project("{FAE04EC0-301F-11D3-BF4B-00C04F79EFBC}") = "Engine.Web", "Engine.Web\Engine.Web.csproj", "{C44B411B-B7C7-422D-ABF1-92BED9D2CF2A}"
EndProject
Project("{FAE04EC0-301F-11D3-BF4B-00C04F79EFBC}") = "Engine.Bridge", "Engine.Bridge\Engine.Bridge.csproj", "{2EDE8897-E866-4D4A-9258-6560A316AA75}"
EndProject
Project("{FAE04EC0-301F-11D3-BF4B-00C04F79EFBC}") = "Client.AndroidGame", "Client.Android\Client.AndroidGame.csproj", "{EC945B8A-97DA-4B35-A027-CAAA43B824AC}"
EndProject
Project("{2150E333-8FDC-42A3-9474-1A3956D46DE8}") = "Clients", "Clients", "{2A542520-9FC4-4F8A-88F5-BC8573203D09}"
EndProject
Project("{FAE04EC0-301F-11D3-BF4B-00C04F79EFBC}") = "Client.WebGame", "Client.Web\Client.WebGame.csproj", "{E3F31E22-AF3C-4AE8-A219-6628B05A656B}"
EndProject
Project("{FAE04EC0-301F-11D3-BF4B-00C04F79EFBC}") = "Client.WindowsGame", "Client.WindowsDesktop\Client.WindowsGame.csproj", "{979FF17B-490A-4A6C-B4B0-8B56009E2D56}"
EndProject
Project("{FAE04EC0-301F-11D3-BF4B-00C04F79EFBC}") = "Client.IOSGame", "Client.IOS\Client.IOSGame.csproj", "{6EB23528-7CD3-4E11-9356-14714742850C}"
EndProject
Global
	GlobalSection(SolutionConfigurationPlatforms) = preSolution
		Debug|Any CPU = Debug|Any CPU
		Debug|x86 = Debug|x86
		Release|Any CPU = Release|Any CPU
		Release|x86 = Release|x86
	EndGlobalSection
	GlobalSection(ProjectConfigurationPlatforms) = postSolution
		{C3DA2EFF-23EA-4D3C-8AFD-534D650DAFCB}.Debug|Any CPU.ActiveCfg = Debug|Any CPU
		{C3DA2EFF-23EA-4D3C-8AFD-534D650DAFCB}.Debug|Any CPU.Build.0 = Debug|Any CPU
		{C3DA2EFF-23EA-4D3C-8AFD-534D650DAFCB}.Debug|x86.ActiveCfg = Debug|Any CPU
		{C3DA2EFF-23EA-4D3C-8AFD-534D650DAFCB}.Debug|x86.Build.0 = Debug|Any CPU
		{C3DA2EFF-23EA-4D3C-8AFD-534D650DAFCB}.Release|Any CPU.ActiveCfg = Release|Any CPU
		{C3DA2EFF-23EA-4D3C-8AFD-534D650DAFCB}.Release|Any CPU.Build.0 = Release|Any CPU
		{C3DA2EFF-23EA-4D3C-8AFD-534D650DAFCB}.Release|x86.ActiveCfg = Release|Any CPU
		{C3DA2EFF-23EA-4D3C-8AFD-534D650DAFCB}.Release|x86.Build.0 = Release|Any CPU
		{329D3575-561C-4E12-A136-92399BC2D118}.Debug|Any CPU.ActiveCfg = Debug|Any CPU
		{329D3575-561C-4E12-A136-92399BC2D118}.Debug|Any CPU.Build.0 = Debug|Any CPU
		{329D3575-561C-4E12-A136-92399BC2D118}.Debug|x86.ActiveCfg = Debug|Any CPU
		{329D3575-561C-4E12-A136-92399BC2D118}.Debug|x86.Build.0 = Debug|Any CPU
		{329D3575-561C-4E12-A136-92399BC2D118}.Release|Any CPU.ActiveCfg = Release|Any CPU
		{329D3575-561C-4E12-A136-92399BC2D118}.Release|Any CPU.Build.0 = Release|Any CPU
		{329D3575-561C-4E12-A136-92399BC2D118}.Release|x86.ActiveCfg = Release|Any CPU
		{329D3575-561C-4E12-A136-92399BC2D118}.Release|x86.Build.0 = Release|Any CPU
		{C44B411B-B7C7-422D-ABF1-92BED9D2CF2A}.Debug|Any CPU.ActiveCfg = Debug|Any CPU
		{C44B411B-B7C7-422D-ABF1-92BED9D2CF2A}.Debug|Any CPU.Build.0 = Debug|Any CPU
		{C44B411B-B7C7-422D-ABF1-92BED9D2CF2A}.Debug|x86.ActiveCfg = Debug|Any CPU
		{C44B411B-B7C7-422D-ABF1-92BED9D2CF2A}.Debug|x86.Build.0 = Debug|Any CPU
		{C44B411B-B7C7-422D-ABF1-92BED9D2CF2A}.Release|Any CPU.ActiveCfg = Release|Any CPU
		{C44B411B-B7C7-422D-ABF1-92BED9D2CF2A}.Release|Any CPU.Build.0 = Release|Any CPU
		{C44B411B-B7C7-422D-ABF1-92BED9D2CF2A}.Release|x86.ActiveCfg = Release|Any CPU
		{C44B411B-B7C7-422D-ABF1-92BED9D2CF2A}.Release|x86.Build.0 = Release|Any CPU
		{2EDE8897-E866-4D4A-9258-6560A316AA75}.Debug|Any CPU.ActiveCfg = Debug|Any CPU
		{2EDE8897-E866-4D4A-9258-6560A316AA75}.Debug|Any CPU.Build.0 = Debug|Any CPU
		{2EDE8897-E866-4D4A-9258-6560A316AA75}.Debug|x86.ActiveCfg = Debug|Any CPU
		{2EDE8897-E866-4D4A-9258-6560A316AA75}.Debug|x86.Build.0 = Debug|Any CPU
		{2EDE8897-E866-4D4A-9258-6560A316AA75}.Release|Any CPU.ActiveCfg = Release|Any CPU
		{2EDE8897-E866-4D4A-9258-6560A316AA75}.Release|Any CPU.Build.0 = Release|Any CPU
		{2EDE8897-E866-4D4A-9258-6560A316AA75}.Release|x86.ActiveCfg = Release|Any CPU
		{2EDE8897-E866-4D4A-9258-6560A316AA75}.Release|x86.Build.0 = Release|Any CPU
		{EC945B8A-97DA-4B35-A027-CAAA43B824AC}.Debug|Any CPU.ActiveCfg = Debug|Any CPU
		{EC945B8A-97DA-4B35-A027-CAAA43B824AC}.Debug|x86.ActiveCfg = Debug|Any CPU
		{EC945B8A-97DA-4B35-A027-CAAA43B824AC}.Debug|x86.Build.0 = Debug|Any CPU
		{EC945B8A-97DA-4B35-A027-CAAA43B824AC}.Debug|x86.Deploy.0 = Debug|Any CPU
		{EC945B8A-97DA-4B35-A027-CAAA43B824AC}.Release|Any CPU.ActiveCfg = Release|Any CPU
		{EC945B8A-97DA-4B35-A027-CAAA43B824AC}.Release|Any CPU.Build.0 = Release|Any CPU
		{EC945B8A-97DA-4B35-A027-CAAA43B824AC}.Release|Any CPU.Deploy.0 = Release|Any CPU
		{EC945B8A-97DA-4B35-A027-CAAA43B824AC}.Release|x86.ActiveCfg = Release|Any CPU
		{EC945B8A-97DA-4B35-A027-CAAA43B824AC}.Release|x86.Build.0 = Release|Any CPU
		{EC945B8A-97DA-4B35-A027-CAAA43B824AC}.Release|x86.Deploy.0 = Release|Any CPU
		{E3F31E22-AF3C-4AE8-A219-6628B05A656B}.Debug|Any CPU.ActiveCfg = Debug|Any CPU
		{E3F31E22-AF3C-4AE8-A219-6628B05A656B}.Debug|x86.ActiveCfg = Debug|Any CPU
		{E3F31E22-AF3C-4AE8-A219-6628B05A656B}.Debug|x86.Build.0 = Debug|Any CPU
		{E3F31E22-AF3C-4AE8-A219-6628B05A656B}.Release|Any CPU.ActiveCfg = Release|Any CPU
		{E3F31E22-AF3C-4AE8-A219-6628B05A656B}.Release|Any CPU.Build.0 = Release|Any CPU
		{E3F31E22-AF3C-4AE8-A219-6628B05A656B}.Release|x86.ActiveCfg = Release|Any CPU
		{E3F31E22-AF3C-4AE8-A219-6628B05A656B}.Release|x86.Build.0 = Release|Any CPU
		{979FF17B-490A-4A6C-B4B0-8B56009E2D56}.Debug|Any CPU.ActiveCfg = Debug|x86
		{979FF17B-490A-4A6C-B4B0-8B56009E2D56}.Debug|x86.ActiveCfg = Debug|x86
		{979FF17B-490A-4A6C-B4B0-8B56009E2D56}.Debug|x86.Build.0 = Debug|x86
		{979FF17B-490A-4A6C-B4B0-8B56009E2D56}.Release|Any CPU.ActiveCfg = Release|x86
		{979FF17B-490A-4A6C-B4B0-8B56009E2D56}.Release|x86.ActiveCfg = Release|x86
		{979FF17B-490A-4A6C-B4B0-8B56009E2D56}.Release|x86.Build.0 = Release|x86
		{6EB23528-7CD3-4E11-9356-14714742850C}.Debug|Any CPU.ActiveCfg = Debug|iPhone
		{6EB23528-7CD3-4E11-9356-14714742850C}.Debug|x86.ActiveCfg = Debug|iPhone
		{6EB23528-7CD3-4E11-9356-14714742850C}.Release|Any CPU.ActiveCfg = Release|iPhone
		{6EB23528-7CD3-4E11-9356-14714742850C}.Release|x86.ActiveCfg = Release|iPhone
	EndGlobalSection
	GlobalSection(SolutionProperties) = preSolution
		HideSolutionNode = FALSE
	EndGlobalSection
	GlobalSection(NestedProjects) = preSolution
		{EC945B8A-97DA-4B35-A027-CAAA43B824AC} = {2A542520-9FC4-4F8A-88F5-BC8573203D09}
		{E3F31E22-AF3C-4AE8-A219-6628B05A656B} = {2A542520-9FC4-4F8A-88F5-BC8573203D09}
		{979FF17B-490A-4A6C-B4B0-8B56009E2D56} = {2A542520-9FC4-4F8A-88F5-BC8573203D09}
		{6EB23528-7CD3-4E11-9356-14714742850C} = {2A542520-9FC4-4F8A-88F5-BC8573203D09}
	EndGlobalSection
EndGlobal
